
Microsoft Visual Studio Solution File, Format Version 12.00
# Visual Studio Version 17
VisualStudioVersion = 17.5.001.0
MinimumVisualStudioVersion = 10.0.40219.1
Project("{9A19103F-16F7-4668-BE54-9A1E7A4F7556}") = "ola", "ola.csproj", "{606073FD-ACFC-49B6-A41A-DB9864F4D967}"
EndProject
Global
	GlobalSection(SolutionConfigurationPlatforms) = preSolution
		Debug|Any CPU = Debug|Any CPU
		Release|Any CPU = Release|Any CPU
	EndGlobalSection
	GlobalSection(ProjectConfigurationPlatforms) = postSolution
		{606073FD-ACFC-49B6-A41A-DB9864F4D967}.Debug|Any CPU.ActiveCfg = Debug|Any CPU
		{606073FD-ACFC-49B6-A41A-DB9864F4D967}.Debug|Any CPU.Build.0 = Debug|Any CPU
		{606073FD-ACFC-49B6-A41A-DB9864F4D967}.Release|Any CPU.ActiveCfg = Release|Any CPU
		{606073FD-ACFC-49B6-A41A-DB9864F4D967}.Release|Any CPU.Build.0 = Release|Any CPU
	EndGlobalSection
	GlobalSection(SolutionProperties) = preSolution
		HideSolutionNode = FALSE
	EndGlobalSection
	GlobalSection(ExtensibilityGlobals) = postSolution
		SolutionGuid = {1AFC37FE-BCF5-4E2A-A3D7-D8BD41AEC1A3}
	EndGlobalSection
EndGlobal
